
Microsoft Visual Studio Solution File, Format Version 12.00
# Visual Studio Version 17
VisualStudioVersion = 17.0.31903.59
MinimumVisualStudioVersion = 10.0.40219.1
Project("{FAE04EC0-301F-11D3-BF4B-00C04F79EFBC}") = "ShopBotNET.Application", "Application\ShopBotNET.Application.csproj", "{431BDEEC-A105-40D1-BF3C-CDCC31C0744E}"
EndProject
Project("{FAE04EC0-301F-11D3-BF4B-00C04F79EFBC}") = "ShopBotNET.AppService", "AppService\ShopBotNET.AppService.csproj", "{308CA8ED-B6BF-4537-8AFA-424627252C66}"
EndProject
Project("{FAE04EC0-301F-11D3-BF4B-00C04F79EFBC}") = "ShopBotNET.Webhook", "Webhook\ShopBotNET.Webhook.csproj", "{204DDBF0-BF19-4B66-AA91-CE3B43087AF0}"
EndProject
Global
	GlobalSection(SolutionConfigurationPlatforms) = preSolution
		Debug|Any CPU = Debug|Any CPU
		Release|Any CPU = Release|Any CPU
	EndGlobalSection
	GlobalSection(ProjectConfigurationPlatforms) = postSolution
		{431BDEEC-A105-40D1-BF3C-CDCC31C0744E}.Debug|Any CPU.ActiveCfg = Debug|Any CPU
		{431BDEEC-A105-40D1-BF3C-CDCC31C0744E}.Debug|Any CPU.Build.0 = Debug|Any CPU
		{431BDEEC-A105-40D1-BF3C-CDCC31C0744E}.Release|Any CPU.ActiveCfg = Release|Any CPU
		{431BDEEC-A105-40D1-BF3C-CDCC31C0744E}.Release|Any CPU.Build.0 = Release|Any CPU
		{308CA8ED-B6BF-4537-8AFA-424627252C66}.Debug|Any CPU.ActiveCfg = Debug|Any CPU
		{308CA8ED-B6BF-4537-8AFA-424627252C66}.Debug|Any CPU.Build.0 = Debug|Any CPU
		{308CA8ED-B6BF-4537-8AFA-424627252C66}.Release|Any CPU.ActiveCfg = Release|Any CPU
		{308CA8ED-B6BF-4537-8AFA-424627252C66}.Release|Any CPU.Build.0 = Release|Any CPU
		{204DDBF0-BF19-4B66-AA91-CE3B43087AF0}.Debug|Any CPU.ActiveCfg = Debug|Any CPU
		{204DDBF0-BF19-4B66-AA91-CE3B43087AF0}.Debug|Any CPU.Build.0 = Debug|Any CPU
		{204DDBF0-BF19-4B66-AA91-CE3B43087AF0}.Release|Any CPU.ActiveCfg = Release|Any CPU
		{204DDBF0-BF19-4B66-AA91-CE3B43087AF0}.Release|Any CPU.Build.0 = Release|Any CPU
	EndGlobalSection
	GlobalSection(SolutionProperties) = preSolution
		HideSolutionNode = FALSE
	EndGlobalSection
EndGlobal
